{
  "version": 4,
  "terraform_version": "1.1.7",
  "serial": 129,
  "lineage": "857120f1-e779-b47d-9e7c-d64997f57e60",
  "outputs": {},
  "resources": [
    {
      "mode": "managed",
      "type": "azurerm_dns_a_record",
      "name": "example",
      "provider": "provider[\"registry.terraform.io/hashicorp/azurerm\"]",
      "instances": [
        {
          "schema_version": 0,
          "attributes": {
            "fqdn": "test.nginx.monitoramento.ml.",
            "id": "/subscriptions/843b7e3c-478b-4336-aae6-f59aae26f24b/resourceGroups/grupoderecursos/providers/Microsoft.Network/dnszones/nginx.monitoramento.ml/A/test",
            "name": "test",
            "records": [
              "20.127.120.67"
            ],
            "resource_group_name": "grupoderecursos",
            "tags": {},
            "target_resource_id": "",
            "timeouts": null,
            "ttl": 300,
            "zone_name": "nginx.monitoramento.ml"
          },
          "sensitive_attributes": [],
          "private": "eyJlMmJmYjczMC1lY2FhLTExZTYtOGY4OC0zNDM2M2JjN2M0YzAiOnsiY3JlYXRlIjoxODAwMDAwMDAwMDAwLCJkZWxldGUiOjE4MDAwMDAwMDAwMDAsInJlYWQiOjMwMDAwMDAwMDAwMCwidXBkYXRlIjoxODAwMDAwMDAwMDAwfX0=",
          "dependencies": [
            "azurerm_dns_zone.example"
          ]
        }
      ]
    },
    {
      "mode": "managed",
      "type": "azurerm_linux_virtual_machine",
      "name": "frontend",
      "provider": "provider[\"registry.terraform.io/hashicorp/azurerm\"]",
      "instances": [
        {
          "schema_version": 0,
          "attributes": {
            "additional_capabilities": [],
            "admin_password": null,
            "admin_ssh_key": [
              {
                "public_key": "ssh-rsa AAAAB3NzaC1yc2EAAAADAQABAAABgQC6oSKubcSdVezAt/0ZB17ND8kqhszM/fSWZ+sjyWBvKOjhQXoXUbyXK9XKN/ep0W1kBCME2QxPqAOvWgw+2du/b4IMhJHjF9MECkzt3EfgL37h2mTihYuOW91JAhB1q8NIVw+f6b86cu+Y7ZnOX8mJ4/KvfsRW9ETDq0BXOPwF8c11sqRDpiMPof242g39YZTrS4aJUrEVugLHbDxTOGCKH8wnIlrfJZDUmkfxTaJ5P7pIGgtKoVTiu6Fb5josEID6CjUrW5XSlj1FGtRsxV8F50f+mrQFE2Tx5nB4UciOrT/gZmhToflFNUGhxbDF2wQay3UupEBDbfDSCjjL7Qp06lahBF0CGYVqafJd+jG3MHTL3XnzVMdJggatzPhFgBYDgLEHwB8qka9CYG8d3z+LBDU1wULkXEYrm8mTzA5tBSliTUlvZiZUWQHj6DOY/tvr9TOM8kaun09rIqBnJdlUFhJsZuBcLMa2Fco/ukz7z8lmI+diYrx62pCYoz/ci7U= casa@DESKTOP-6CPG9BJ",
                "username": "ubuntu"
              }
            ],
            "admin_username": "ubuntu",
            "allow_extension_operations": true,
            "availability_set_id": "",
            "boot_diagnostics": [],
            "computer_name": "frontend-machine",
            "custom_data": "IyEvYmluL2Jhc2gNCmFwdC1nZXQgaW5zdGFsbCBuZ2lueCAteQ0Kc3VkbyBzeXN0ZW1jdGwgZW5hYmxlIG5naW54DQpzdWRvIHN5c3RlbWN0bCBzdGFydCBuZ2lueA==",
            "dedicated_host_group_id": "",
            "dedicated_host_id": "",
            "disable_password_authentication": true,
            "encryption_at_host_enabled": false,
            "eviction_policy": "",
            "extensions_time_budget": "PT1H30M",
            "id": "/subscriptions/843b7e3c-478b-4336-aae6-f59aae26f24b/resourceGroups/grupoderecursos/providers/Microsoft.Compute/virtualMachines/frontend-machine",
            "identity": [],
            "license_type": "",
            "location": "eastus",
            "max_bid_price": -1,
            "name": "frontend-machine",
            "network_interface_ids": [
              "/subscriptions/843b7e3c-478b-4336-aae6-f59aae26f24b/resourceGroups/grupoderecursos/providers/Microsoft.Network/networkInterfaces/frontend-nic"
            ],
            "os_disk": [
              {
                "caching": "ReadWrite",
                "diff_disk_settings": [],
                "disk_encryption_set_id": "",
                "disk_size_gb": 30,
                "name": "frontend-machine_OsDisk_1_411cfccca9434cc5a8e5950861393e2d",
                "storage_account_type": "Standard_LRS",
                "write_accelerator_enabled": false
              }
            ],
            "patch_mode": "ImageDefault",
            "plan": [],
            "platform_fault_domain": -1,
            "priority": "Regular",
            "private_ip_address": "192.1.0.4",
            "private_ip_addresses": [
              "192.1.0.4"
            ],
            "provision_vm_agent": true,
            "proximity_placement_group_id": "",
            "public_ip_address": "20.127.120.67",
            "public_ip_addresses": [
              "20.127.120.67"
            ],
            "resource_group_name": "grupoderecursos",
            "secret": [],
            "secure_boot_enabled": false,
            "size": "Standard_F2",
            "source_image_id": "",
            "source_image_reference": [
              {
                "offer": "UbuntuServer",
                "publisher": "Canonical",
                "sku": "18.04-LTS",
                "version": "latest"
              }
            ],
            "tags": {},
            "timeouts": null,
            "user_data": "",
            "virtual_machine_id": "4d7c4269-047d-413f-9e13-f5f512481c8d",
            "virtual_machine_scale_set_id": "",
            "vtpm_enabled": false,
            "zone": ""
          },
          "sensitive_attributes": [],
          "private": "eyJlMmJmYjczMC1lY2FhLTExZTYtOGY4OC0zNDM2M2JjN2M0YzAiOnsiY3JlYXRlIjoyNzAwMDAwMDAwMDAwLCJkZWxldGUiOjI3MDAwMDAwMDAwMDAsInJlYWQiOjMwMDAwMDAwMDAwMCwidXBkYXRlIjoyNzAwMDAwMDAwMDAwfX0=",
          "dependencies": [
            "azurerm_network_interface.frontend",
            "azurerm_public_ip.frontend_ip",
            "azurerm_subnet.mysubnet",
            "azurerm_virtual_network.mynetwork"
          ]
        }
      ]
    },
    {
      "mode": "managed",
      "type": "azurerm_network_interface",
      "name": "backend",
      "provider": "provider[\"registry.terraform.io/hashicorp/azurerm\"]",
      "instances": [
        {
          "schema_version": 0,
          "attributes": {
            "applied_dns_servers": [],
            "dns_servers": [],
            "enable_accelerated_networking": false,
            "enable_ip_forwarding": false,
            "id": "/subscriptions/843b7e3c-478b-4336-aae6-f59aae26f24b/resourceGroups/grupoderecursos/providers/Microsoft.Network/networkInterfaces/backend-nic",
            "internal_dns_name_label": "",
            "internal_domain_name_suffix": "kfwxshlml33ednt4hmby1gapca.bx.internal.cloudapp.net",
            "ip_configuration": [
              {
                "gateway_load_balancer_frontend_ip_configuration_id": "",
                "name": "backend",
                "primary": true,
                "private_ip_address": "192.1.0.5",
                "private_ip_address_allocation": "Dynamic",
                "private_ip_address_version": "IPv4",
                "public_ip_address_id": "/subscriptions/843b7e3c-478b-4336-aae6-f59aae26f24b/resourceGroups/grupoderecursos/providers/Microsoft.Network/publicIPAddresses/vm_backend_ip",
                "subnet_id": "/subscriptions/843b7e3c-478b-4336-aae6-f59aae26f24b/resourceGroups/grupoderecursos/providers/Microsoft.Network/virtualNetworks/mynetwork/subnets/internal"
              }
            ],
            "location": "eastus",
            "mac_address": "",
            "name": "backend-nic",
            "private_ip_address": "192.1.0.5",
            "private_ip_addresses": [
              "192.1.0.5"
            ],
            "resource_group_name": "grupoderecursos",
            "tags": {},
            "timeouts": null,
            "virtual_machine_id": ""
          },
          "sensitive_attributes": [],
          "private": "eyJlMmJmYjczMC1lY2FhLTExZTYtOGY4OC0zNDM2M2JjN2M0YzAiOnsiY3JlYXRlIjoxODAwMDAwMDAwMDAwLCJkZWxldGUiOjE4MDAwMDAwMDAwMDAsInJlYWQiOjMwMDAwMDAwMDAwMCwidXBkYXRlIjoxODAwMDAwMDAwMDAwfX0=",
          "dependencies": [
            "azurerm_public_ip.backend_ip",
            "azurerm_subnet.mysubnet",
            "azurerm_virtual_network.mynetwork"
          ]
        }
      ]
    },
    {
      "mode": "managed",
      "type": "azurerm_network_interface",
      "name": "frontend",
      "provider": "provider[\"registry.terraform.io/hashicorp/azurerm\"]",
      "instances": [
        {
          "schema_version": 0,
          "attributes": {
            "applied_dns_servers": [],
            "dns_servers": [],
            "enable_accelerated_networking": false,
            "enable_ip_forwarding": false,
            "id": "/subscriptions/843b7e3c-478b-4336-aae6-f59aae26f24b/resourceGroups/grupoderecursos/providers/Microsoft.Network/networkInterfaces/frontend-nic",
            "internal_dns_name_label": "",
            "internal_domain_name_suffix": "kfwxshlml33ednt4hmby1gapca.bx.internal.cloudapp.net",
            "ip_configuration": [
              {
                "gateway_load_balancer_frontend_ip_configuration_id": "",
                "name": "frontend",
                "primary": true,
                "private_ip_address": "192.1.0.4",
                "private_ip_address_allocation": "Dynamic",
                "private_ip_address_version": "IPv4",
                "public_ip_address_id": "/subscriptions/843b7e3c-478b-4336-aae6-f59aae26f24b/resourceGroups/grupoderecursos/providers/Microsoft.Network/publicIPAddresses/vm_frontend_ip",
                "subnet_id": "/subscriptions/843b7e3c-478b-4336-aae6-f59aae26f24b/resourceGroups/grupoderecursos/providers/Microsoft.Network/virtualNetworks/mynetwork/subnets/internal"
              }
            ],
            "location": "eastus",
            "mac_address": "00-0D-3A-9B-44-02",
            "name": "frontend-nic",
            "private_ip_address": "192.1.0.4",
            "private_ip_addresses": [
              "192.1.0.4"
            ],
            "resource_group_name": "grupoderecursos",
            "tags": {},
            "timeouts": null,
            "virtual_machine_id": "/subscriptions/843b7e3c-478b-4336-aae6-f59aae26f24b/resourceGroups/grupoderecursos/providers/Microsoft.Compute/virtualMachines/frontend-machine"
          },
          "sensitive_attributes": [],
          "private": "eyJlMmJmYjczMC1lY2FhLTExZTYtOGY4OC0zNDM2M2JjN2M0YzAiOnsiY3JlYXRlIjoxODAwMDAwMDAwMDAwLCJkZWxldGUiOjE4MDAwMDAwMDAwMDAsInJlYWQiOjMwMDAwMDAwMDAwMCwidXBkYXRlIjoxODAwMDAwMDAwMDAwfX0=",
          "dependencies": [
            "azurerm_public_ip.frontend_ip",
            "azurerm_subnet.mysubnet",
            "azurerm_virtual_network.mynetwork"
          ]
        }
      ]
    },
    {
      "mode": "managed",
      "type": "azurerm_network_interface_security_group_association",
      "name": "backend",
      "provider": "provider[\"registry.terraform.io/hashicorp/azurerm\"]",
      "instances": [
        {
          "schema_version": 0,
          "attributes": {
            "id": "/subscriptions/843b7e3c-478b-4336-aae6-f59aae26f24b/resourceGroups/grupoderecursos/providers/Microsoft.Network/networkInterfaces/backend-nic|/subscriptions/843b7e3c-478b-4336-aae6-f59aae26f24b/resourceGroups/grupoderecursos/providers/Microsoft.Network/networkSecurityGroups/acceptanceTestSecurityGroup1",
            "network_interface_id": "/subscriptions/843b7e3c-478b-4336-aae6-f59aae26f24b/resourceGroups/grupoderecursos/providers/Microsoft.Network/networkInterfaces/backend-nic",
            "network_security_group_id": "/subscriptions/843b7e3c-478b-4336-aae6-f59aae26f24b/resourceGroups/grupoderecursos/providers/Microsoft.Network/networkSecurityGroups/acceptanceTestSecurityGroup1",
            "timeouts": null
          },
          "sensitive_attributes": [],
          "private": "eyJlMmJmYjczMC1lY2FhLTExZTYtOGY4OC0zNDM2M2JjN2M0YzAiOnsiY3JlYXRlIjoxODAwMDAwMDAwMDAwLCJkZWxldGUiOjE4MDAwMDAwMDAwMDAsInJlYWQiOjMwMDAwMDAwMDAwMCwidXBkYXRlIjoxODAwMDAwMDAwMDAwfX0=",
          "dependencies": [
            "azurerm_network_interface.backend",
            "azurerm_network_security_group.example",
            "azurerm_public_ip.backend_ip",
            "azurerm_subnet.mysubnet",
            "azurerm_virtual_network.mynetwork"
          ]
        }
      ]
    },
    {
      "mode": "managed",
      "type": "azurerm_network_interface_security_group_association",
      "name": "frontend",
      "provider": "provider[\"registry.terraform.io/hashicorp/azurerm\"]",
      "instances": [
        {
          "schema_version": 0,
          "attributes": {
            "id": "/subscriptions/843b7e3c-478b-4336-aae6-f59aae26f24b/resourceGroups/grupoderecursos/providers/Microsoft.Network/networkInterfaces/frontend-nic|/subscriptions/843b7e3c-478b-4336-aae6-f59aae26f24b/resourceGroups/grupoderecursos/providers/Microsoft.Network/networkSecurityGroups/acceptanceTestSecurityGroup1",
            "network_interface_id": "/subscriptions/843b7e3c-478b-4336-aae6-f59aae26f24b/resourceGroups/grupoderecursos/providers/Microsoft.Network/networkInterfaces/frontend-nic",
            "network_security_group_id": "/subscriptions/843b7e3c-478b-4336-aae6-f59aae26f24b/resourceGroups/grupoderecursos/providers/Microsoft.Network/networkSecurityGroups/acceptanceTestSecurityGroup1",
            "timeouts": null
          },
          "sensitive_attributes": [],
          "private": "eyJlMmJmYjczMC1lY2FhLTExZTYtOGY4OC0zNDM2M2JjN2M0YzAiOnsiY3JlYXRlIjoxODAwMDAwMDAwMDAwLCJkZWxldGUiOjE4MDAwMDAwMDAwMDAsInJlYWQiOjMwMDAwMDAwMDAwMCwidXBkYXRlIjoxODAwMDAwMDAwMDAwfX0=",
          "dependencies": [
            "azurerm_network_interface.frontend",
            "azurerm_network_security_group.example",
            "azurerm_public_ip.frontend_ip",
            "azurerm_subnet.mysubnet",
            "azurerm_virtual_network.mynetwork"
          ]
        }
      ]
    },
    {
      "mode": "managed",
      "type": "azurerm_network_security_group",
      "name": "example",
      "provider": "provider[\"registry.terraform.io/hashicorp/azurerm\"]",
      "instances": [
        {
          "schema_version": 0,
          "attributes": {
            "id": "/subscriptions/843b7e3c-478b-4336-aae6-f59aae26f24b/resourceGroups/grupoderecursos/providers/Microsoft.Network/networkSecurityGroups/acceptanceTestSecurityGroup1",
            "location": "eastus",
            "name": "acceptanceTestSecurityGroup1",
            "resource_group_name": "grupoderecursos",
            "security_rule": [
              {
                "access": "Allow",
                "description": "",
                "destination_address_prefix": "*",
                "destination_address_prefixes": [],
                "destination_application_security_group_ids": [],
                "destination_port_range": "22",
                "destination_port_ranges": [],
                "direction": "Inbound",
                "name": "ssh",
                "priority": 102,
                "protocol": "Tcp",
                "source_address_prefix": "*",
                "source_address_prefixes": [],
                "source_application_security_group_ids": [],
                "source_port_range": "*",
                "source_port_ranges": []
              },
              {
                "access": "Allow",
                "description": "",
                "destination_address_prefix": "*",
                "destination_address_prefixes": [],
                "destination_application_security_group_ids": [],
                "destination_port_range": "3306",
                "destination_port_ranges": [],
                "direction": "Inbound",
                "name": "mysql",
                "priority": 103,
                "protocol": "Tcp",
                "source_address_prefix": "*",
                "source_address_prefixes": [],
                "source_application_security_group_ids": [],
                "source_port_range": "*",
                "source_port_ranges": []
              },
              {
                "access": "Allow",
                "description": "",
                "destination_address_prefix": "*",
                "destination_address_prefixes": [],
                "destination_application_security_group_ids": [],
                "destination_port_range": "80",
                "destination_port_ranges": [],
                "direction": "Inbound",
                "name": "http",
                "priority": 101,
                "protocol": "Tcp",
                "source_address_prefix": "*",
                "source_address_prefixes": [],
                "source_application_security_group_ids": [],
                "source_port_range": "*",
                "source_port_ranges": []
              },
              {
                "access": "Allow",
                "description": "Allow HTTPS",
                "destination_address_prefix": "*",
                "destination_address_prefixes": [],
                "destination_application_security_group_ids": [],
                "destination_port_range": "443",
                "destination_port_ranges": [],
                "direction": "Inbound",
                "name": "AllowHTTPS",
                "priority": 105,
                "protocol": "Tcp",
                "source_address_prefix": "Internet",
                "source_address_prefixes": [],
                "source_application_security_group_ids": [],
                "source_port_range": "*",
                "source_port_ranges": []
              }
            ],
            "tags": {
              "environment": "Produçao"
            },
            "timeouts": null
          },
          "sensitive_attributes": [],
          "private": "eyJlMmJmYjczMC1lY2FhLTExZTYtOGY4OC0zNDM2M2JjN2M0YzAiOnsiY3JlYXRlIjoxODAwMDAwMDAwMDAwLCJkZWxldGUiOjE4MDAwMDAwMDAwMDAsInJlYWQiOjMwMDAwMDAwMDAwMCwidXBkYXRlIjoxODAwMDAwMDAwMDAwfX0="
        }
      ]
    },
    {
      "mode": "managed",
      "type": "azurerm_public_ip",
      "name": "backend_ip",
      "provider": "provider[\"registry.terraform.io/hashicorp/azurerm\"]",
      "instances": [
        {
          "schema_version": 0,
          "attributes": {
            "allocation_method": "Dynamic",
            "availability_zone": "No-Zone",
            "domain_name_label": null,
            "fqdn": null,
            "id": "/subscriptions/843b7e3c-478b-4336-aae6-f59aae26f24b/resourceGroups/grupoderecursos/providers/Microsoft.Network/publicIPAddresses/vm_backend_ip",
            "idle_timeout_in_minutes": 4,
            "ip_address": "",
            "ip_tags": {},
            "ip_version": "IPv4",
            "location": "eastus",
            "name": "vm_backend_ip",
            "public_ip_prefix_id": null,
            "resource_group_name": "grupoderecursos",
            "reverse_fqdn": null,
            "sku": "Basic",
            "sku_tier": "Regional",
            "tags": {},
            "timeouts": null,
            "zones": []
          },
          "sensitive_attributes": [],
          "private": "eyJlMmJmYjczMC1lY2FhLTExZTYtOGY4OC0zNDM2M2JjN2M0YzAiOnsiY3JlYXRlIjoxODAwMDAwMDAwMDAwLCJkZWxldGUiOjE4MDAwMDAwMDAwMDAsInJlYWQiOjMwMDAwMDAwMDAwMCwidXBkYXRlIjoxODAwMDAwMDAwMDAwfX0="
        }
      ]
    },
    {
      "mode": "managed",
      "type": "azurerm_public_ip",
      "name": "frontend_ip",
      "provider": "provider[\"registry.terraform.io/hashicorp/azurerm\"]",
      "instances": [
        {
          "schema_version": 0,
          "attributes": {
            "allocation_method": "Dynamic",
            "availability_zone": "No-Zone",
            "domain_name_label": null,
            "fqdn": null,
            "id": "/subscriptions/843b7e3c-478b-4336-aae6-f59aae26f24b/resourceGroups/grupoderecursos/providers/Microsoft.Network/publicIPAddresses/vm_frontend_ip",
            "idle_timeout_in_minutes": 4,
            "ip_address": "20.127.120.67",
            "ip_tags": {},
            "ip_version": "IPv4",
            "location": "eastus",
            "name": "vm_frontend_ip",
            "public_ip_prefix_id": null,
            "resource_group_name": "grupoderecursos",
            "reverse_fqdn": null,
            "sku": "Basic",
            "sku_tier": "Regional",
            "tags": {},
            "timeouts": null,
            "zones": []
          },
          "sensitive_attributes": [],
          "private": "eyJlMmJmYjczMC1lY2FhLTExZTYtOGY4OC0zNDM2M2JjN2M0YzAiOnsiY3JlYXRlIjoxODAwMDAwMDAwMDAwLCJkZWxldGUiOjE4MDAwMDAwMDAwMDAsInJlYWQiOjMwMDAwMDAwMDAwMCwidXBkYXRlIjoxODAwMDAwMDAwMDAwfX0="
        }
      ]
    },
    {
      "mode": "managed",
      "type": "azurerm_resource_group",
      "name": "name",
      "provider": "provider[\"registry.terraform.io/hashicorp/azurerm\"]",
      "instances": [
        {
          "schema_version": 0,
          "attributes": {
            "id": "/subscriptions/843b7e3c-478b-4336-aae6-f59aae26f24b/resourceGroups/grupoderecursos",
            "location": "eastus",
            "name": "grupoderecursos",
            "tags": {},
            "timeouts": null
          },
          "sensitive_attributes": [],
          "private": "eyJlMmJmYjczMC1lY2FhLTExZTYtOGY4OC0zNDM2M2JjN2M0YzAiOnsiY3JlYXRlIjo1NDAwMDAwMDAwMDAwLCJkZWxldGUiOjU0MDAwMDAwMDAwMDAsInJlYWQiOjMwMDAwMDAwMDAwMCwidXBkYXRlIjo1NDAwMDAwMDAwMDAwfX0="
        }
      ]
    },
    {
      "mode": "managed",
      "type": "azurerm_subnet",
      "name": "mysubnet",
      "provider": "provider[\"registry.terraform.io/hashicorp/azurerm\"]",
      "instances": [
        {
          "schema_version": 0,
          "attributes": {
            "address_prefix": "192.1.0.0/24",
            "address_prefixes": [
              "192.1.0.0/24"
            ],
            "delegation": [],
            "enforce_private_link_endpoint_network_policies": false,
            "enforce_private_link_service_network_policies": false,
            "id": "/subscriptions/843b7e3c-478b-4336-aae6-f59aae26f24b/resourceGroups/grupoderecursos/providers/Microsoft.Network/virtualNetworks/mynetwork/subnets/internal",
            "name": "internal",
            "resource_group_name": "grupoderecursos",
            "service_endpoint_policy_ids": [],
            "service_endpoints": [
              "Microsoft.Sql"
            ],
            "timeouts": null,
            "virtual_network_name": "mynetwork"
          },
          "sensitive_attributes": [],
          "private": "eyJlMmJmYjczMC1lY2FhLTExZTYtOGY4OC0zNDM2M2JjN2M0YzAiOnsiY3JlYXRlIjoxODAwMDAwMDAwMDAwLCJkZWxldGUiOjE4MDAwMDAwMDAwMDAsInJlYWQiOjMwMDAwMDAwMDAwMCwidXBkYXRlIjoxODAwMDAwMDAwMDAwfX0=",
          "dependencies": [
            "azurerm_virtual_network.mynetwork"
          ]
        }
      ]
    },
    {
      "mode": "managed",
      "type": "azurerm_subnet_network_security_group_association",
      "name": "example",
      "provider": "provider[\"registry.terraform.io/hashicorp/azurerm\"]",
      "instances": [
        {
          "schema_version": 0,
          "attributes": {
            "id": "/subscriptions/843b7e3c-478b-4336-aae6-f59aae26f24b/resourceGroups/grupoderecursos/providers/Microsoft.Network/virtualNetworks/mynetwork/subnets/internal",
            "network_security_group_id": "/subscriptions/843b7e3c-478b-4336-aae6-f59aae26f24b/resourceGroups/grupoderecursos/providers/Microsoft.Network/networkSecurityGroups/acceptanceTestSecurityGroup1",
            "subnet_id": "/subscriptions/843b7e3c-478b-4336-aae6-f59aae26f24b/resourceGroups/grupoderecursos/providers/Microsoft.Network/virtualNetworks/mynetwork/subnets/internal",
            "timeouts": null
          },
          "sensitive_attributes": [],
          "private": "eyJlMmJmYjczMC1lY2FhLTExZTYtOGY4OC0zNDM2M2JjN2M0YzAiOnsiY3JlYXRlIjoxODAwMDAwMDAwMDAwLCJkZWxldGUiOjE4MDAwMDAwMDAwMDAsInJlYWQiOjMwMDAwMDAwMDAwMCwidXBkYXRlIjoxODAwMDAwMDAwMDAwfX0=",
          "dependencies": [
            "azurerm_network_security_group.example",
            "azurerm_subnet.mysubnet",
            "azurerm_virtual_network.mynetwork"
          ]
        }
      ]
    },
    {
      "mode": "managed",
      "type": "azurerm_virtual_network",
      "name": "mynetwork",
      "provider": "provider[\"registry.terraform.io/hashicorp/azurerm\"]",
      "instances": [
        {
          "schema_version": 0,
          "attributes": {
            "address_space": [
              "192.1.0.0/16"
            ],
            "bgp_community": "",
            "ddos_protection_plan": [],
            "dns_servers": [],
            "flow_timeout_in_minutes": 0,
            "guid": "1d796d51-5f6c-417a-b67e-3b038d980f10",
            "id": "/subscriptions/843b7e3c-478b-4336-aae6-f59aae26f24b/resourceGroups/grupoderecursos/providers/Microsoft.Network/virtualNetworks/mynetwork",
            "location": "eastus",
            "name": "mynetwork",
            "resource_group_name": "grupoderecursos",
            "subnet": [
              {
                "address_prefix": "192.1.0.0/24",
                "id": "/subscriptions/843b7e3c-478b-4336-aae6-f59aae26f24b/resourceGroups/grupoderecursos/providers/Microsoft.Network/virtualNetworks/mynetwork/subnets/internal",
                "name": "internal",
                "security_group": "/subscriptions/843b7e3c-478b-4336-aae6-f59aae26f24b/resourceGroups/grupoderecursos/providers/Microsoft.Network/networkSecurityGroups/acceptanceTestSecurityGroup1"
              }
            ],
            "tags": {},
            "timeouts": null,
            "vm_protection_enabled": false
          },
          "sensitive_attributes": [],
          "private": "eyJlMmJmYjczMC1lY2FhLTExZTYtOGY4OC0zNDM2M2JjN2M0YzAiOnsiY3JlYXRlIjoxODAwMDAwMDAwMDAwLCJkZWxldGUiOjE4MDAwMDAwMDAwMDAsInJlYWQiOjMwMDAwMDAwMDAwMCwidXBkYXRlIjoxODAwMDAwMDAwMDAwfX0="
        }
      ]
    }
  ]
}
